
Microsoft Visual Studio Solution File, Format Version 12.00
# Visual Studio Version 17
VisualStudioVersion = 17.8.34309.116
MinimumVisualStudioVersion = 10.0.40219.1
Project("{FAE04EC0-301F-11D3-BF4B-00C04F79EFBC}") = "ToolBox", "ToolBox\ToolBox.csproj", "{F439962C-5E2D-4A24-B8A4-D5891614F997}"
EndProject
Global
	GlobalSection(SolutionConfigurationPlatforms) = preSolution
		Debug|Any CPU = Debug|Any CPU
		Release|Any CPU = Release|Any CPU
	EndGlobalSection
	GlobalSection(ProjectConfigurationPlatforms) = postSolution
		{F439962C-5E2D-4A24-B8A4-D5891614F997}.Debug|Any CPU.ActiveCfg = Debug|Any CPU
		{F439962C-5E2D-4A24-B8A4-D5891614F997}.Debug|Any CPU.Build.0 = Debug|Any CPU
		{F439962C-5E2D-4A24-B8A4-D5891614F997}.Release|Any CPU.ActiveCfg = Release|Any CPU
		{F439962C-5E2D-4A24-B8A4-D5891614F997}.Release|Any CPU.Build.0 = Release|Any CPU
	EndGlobalSection
	GlobalSection(SolutionProperties) = preSolution
		HideSolutionNode = FALSE
	EndGlobalSection
	GlobalSection(ExtensibilityGlobals) = postSolution
		SolutionGuid = {4933B2C8-7A84-4B6B-9532-9E3590DF8998}
	EndGlobalSection
EndGlobal
